{
  "name": "swc-bench",
  "version": "1.0.0",
  "lockfileVersion": 1,
  "requires": true,
  "dependencies": {
    "@swc/core": {
      "version": "1.2.133",
      "resolved": "https://registry.npmjs.org/@swc/core/-/core-1.2.133.tgz",
      "integrity": "sha512-bXrGSrNK9O6Q5dHSazhAVvcGqxSy6ffAIeGSnweHM2cq0Gsrv0Admrj79ERH0dzsubxy4EnY8A0oHj3pEVmL0g==",
      "requires": {
        "@swc/core-android-arm-eabi": "1.2.133",
        "@swc/core-android-arm64": "1.2.133",
        "@swc/core-darwin-arm64": "1.2.133",
        "@swc/core-darwin-x64": "1.2.133",
        "@swc/core-freebsd-x64": "1.2.133",
        "@swc/core-linux-arm-gnueabihf": "1.2.133",
        "@swc/core-linux-arm64-gnu": "1.2.133",
        "@swc/core-linux-arm64-musl": "1.2.133",
        "@swc/core-linux-x64-gnu": "1.2.133",
        "@swc/core-linux-x64-musl": "1.2.133",
        "@swc/core-win32-arm64-msvc": "1.2.133",
        "@swc/core-win32-ia32-msvc": "1.2.133",
        "@swc/core-win32-x64-msvc": "1.2.133"
      }
    },
    "@swc/core-android-arm-eabi": {
      "version": "1.2.133",
      "resolved": "https://registry.npmjs.org/@swc/core-android-arm-eabi/-/core-android-arm-eabi-1.2.133.tgz",
      "integrity": "sha512-S6gc8Z1zhkDmMRwjeGp5Wf8zE+Vwc5m3weSltUTxbO27r48X6A8R2egM48ci/muPTPA6mOWQTViTFcq/hEgV2w==",
      "optional": true
    },
    "@swc/core-android-arm64": {
      "version": "1.2.133",
      "resolved": "https://registry.npmjs.org/@swc/core-android-arm64/-/core-android-arm64-1.2.133.tgz",
      "integrity": "sha512-rlsJ+UCk6QOUVde2l4yeM32R04KbnOM6a2WBw43f5IA8M8PDlWdRNHFE3jiwCIwBoG6MJ+EJE2PPmjxr3iSWvw==",
      "optional": true
    },
    "@swc/core-darwin-arm64": {
      "version": "1.2.133",
      "resolved": "https://registry.npmjs.org/@swc/core-darwin-arm64/-/core-darwin-arm64-1.2.133.tgz",
      "integrity": "sha512-COktqzeii453+JCGwgIM8vs4y4bgbIzY2lvSEYQmxZRVMAkqQVviLqG4cjm9tYHrW0o+9zpw+XTgpdPpkg32Yg==",
      "optional": true
    },
    "@swc/core-darwin-x64": {
      "version": "1.2.133",
      "resolved": "https://registry.npmjs.org/@swc/core-darwin-x64/-/core-darwin-x64-1.2.133.tgz",
      "integrity": "sha512-H5Hk+qWotdgVQOuQZdSMmIo4KUGxJjfVVBBbKe+TG1Vqyo5SQderc9TUZH8UzMP/tlX83Nzin0FHB+Ui9UhYqA==",
      "optional": true
    },
    "@swc/core-freebsd-x64": {
      "version": "1.2.133",
      "resolved": "https://registry.npmjs.org/@swc/core-freebsd-x64/-/core-freebsd-x64-1.2.133.tgz",
      "integrity": "sha512-eFYkZLyAghY90w7CfwHsQ7/doJ46QSlmMGA9qR9NEuPt9MthM84ZXE6d20BvOid0zeib2o6HdFzfaAkS09/hvA==",
      "optional": true
    },
    "@swc/core-linux-arm-gnueabihf": {
      "version": "1.2.133",
      "resolved": "https://registry.npmjs.org/@swc/core-linux-arm-gnueabihf/-/core-linux-arm-gnueabihf-1.2.133.tgz",
      "integrity": "sha512-oB9L0Xs6cfOYUr7Qc8tpPd3IpY3dXIaJZ/OZQqFhIQFzeMZVApaLBeyfX+gwH8d8wgceuPj4HeyZE+IWw2GTJQ==",
      "optional": true
    },
    "@swc/core-linux-arm64-gnu": {
      "version": "1.2.133",
      "resolved": "https://registry.npmjs.org/@swc/core-linux-arm64-gnu/-/core-linux-arm64-gnu-1.2.133.tgz",
      "integrity": "sha512-SF0Yviv+9L1ELsn578/TJd44rIhqbGGAD+AgpyJB8YGoFTAFUTnoAhFYNEPOEfbf/IQyWcyHk3vAZ7a2VPRIFg==",
      "optional": true
    },
    "@swc/core-linux-arm64-musl": {
      "version": "1.2.133",
      "resolved": "https://registry.npmjs.org/@swc/core-linux-arm64-musl/-/core-linux-arm64-musl-1.2.133.tgz",
      "integrity": "sha512-tZiqwz7dTOxnGMwnYguULKl6gNom6CQWXoUyoliksaZA6+uNALO1/PNh/ctzuDbu2Agj4ltsmoevhZlrzC3geA==",
      "optional": true
    },
    "@swc/core-linux-x64-gnu": {
      "version": "1.2.133",
      "resolved": "https://registry.npmjs.org/@swc/core-linux-x64-gnu/-/core-linux-x64-gnu-1.2.133.tgz",
      "integrity": "sha512-xXx+/x9y803chUtOqsETvZjimCEiFNcYobsV4wDzlO/E9njrDhmteGcHOv5C6cGSfP6H8tG+hL1JlqJQm+hPSQ==",
      "optional": true
    },
    "@swc/core-linux-x64-musl": {
      "version": "1.2.133",
      "resolved": "https://registry.npmjs.org/@swc/core-linux-x64-musl/-/core-linux-x64-musl-1.2.133.tgz",
      "integrity": "sha512-LnLY5MnwG/L7U+FC/k5LU4K7h+kz5/fo8DC507BncSZj5LLxT9ohhCxO+iUp7qKGw+UQFgSUgUinh1I8FfV6cQ==",
      "optional": true
    },
    "@swc/core-win32-arm64-msvc": {
      "version": "1.2.133",
      "resolved": "https://registry.npmjs.org/@swc/core-win32-arm64-msvc/-/core-win32-arm64-msvc-1.2.133.tgz",
      "integrity": "sha512-Fk4D8v56TOhoP5lRFSoZqWXt8enCdHGbZsSIdz7DSjQyS/VeePXdoZI8vmWUcuy2OSquQ4hpS2o1v3wVSREWiw==",
      "optional": true
    },
    "@swc/core-win32-ia32-msvc": {
      "version": "1.2.133",
      "resolved": "https://registry.npmjs.org/@swc/core-win32-ia32-msvc/-/core-win32-ia32-msvc-1.2.133.tgz",
      "integrity": "sha512-Sf9UmXSPFr7308OSDfIIU0iLRfzilWlnVfVzUfWLd02Z9t5awBxNYCAZrXxny4FUvTDK9qL+/uY378bFH6tYiw==",
      "optional": true
    },
    "@swc/core-win32-x64-msvc": {
      "version": "1.2.133",
      "resolved": "https://registry.npmjs.org/@swc/core-win32-x64-msvc/-/core-win32-x64-msvc-1.2.133.tgz",
      "integrity": "sha512-nXZJihzwUjzzF78ipPp+uUWmLQtbFzuR5eADNk1MsnHgWflKaL5OXNVz5c8+qyTl5/c3/W1b4GSevFOfEuApxw==",
      "optional": true
    }
  }
}
